<Solution>
  <Folder Name="/src/">
    <Project Path="src/YMS.API/YMS.API.csproj" />
    <Project Path="src/YMS.Application/YMS.Application.csproj" />
    <Project Path="src/YMS.Domain/YMS.Domain.csproj" />
    <Project Path="src/YMS.Infrastructure/YMS.Infrastructure.csproj" />
  </Folder>
  <Folder Name="/tests/">
    <Project Path="tests/YMS.Tests/YMS.Tests.csproj" />
  </Folder>
</Solution>
